
Microsoft Visual Studio Solution File, Format Version 12.00
# Visual Studio Version 17
VisualStudioVersion = 17.8.34212.112
MinimumVisualStudioVersion = 10.0.40219.1
Project("{FAE04EC0-301F-11D3-BF4B-00C04F79EFBC}") = "MainMenuSettings", "MainMenuSettings.csproj", "{4346931D-083A-453F-8290-555B6D545254}"
EndProject
Global
	GlobalSection(SolutionConfigurationPlatforms) = preSolution
		Debug|Any CPU = Debug|Any CPU
		Release|Any CPU = Release|Any CPU
	EndGlobalSection
	GlobalSection(ProjectConfigurationPlatforms) = postSolution
		{4346931D-083A-453F-8290-555B6D545254}.Debug|Any CPU.ActiveCfg = Debug|Any CPU
		{4346931D-083A-453F-8290-555B6D545254}.Debug|Any CPU.Build.0 = Debug|Any CPU
		{4346931D-083A-453F-8290-555B6D545254}.Release|Any CPU.ActiveCfg = Release|Any CPU
		{4346931D-083A-453F-8290-555B6D545254}.Release|Any CPU.Build.0 = Release|Any CPU
	EndGlobalSection
	GlobalSection(SolutionProperties) = preSolution
		HideSolutionNode = FALSE
	EndGlobalSection
	GlobalSection(ExtensibilityGlobals) = postSolution
		SolutionGuid = {E4A3A59D-A886-4A1F-AF3B-F47A481F0584}
	EndGlobalSection
EndGlobal
